
Microsoft Visual Studio Solution File, Format Version 12.00
# Visual Studio Version 17
VisualStudioVersion = 17.2.32526.322
MinimumVisualStudioVersion = 10.0.40219.1
Project("{FAE04EC0-301F-11D3-BF4B-00C04F79EFBC}") = "LayoutDemo", "LayoutDemo\LayoutDemo.csproj", "{A8281502-99BF-4717-966D-25AF2DA63E12}"
EndProject
Global
	GlobalSection(SolutionConfigurationPlatforms) = preSolution
		Debug|Any CPU = Debug|Any CPU
		Release|Any CPU = Release|Any CPU
	EndGlobalSection
	GlobalSection(ProjectConfigurationPlatforms) = postSolution
		{A8281502-99BF-4717-966D-25AF2DA63E12}.Debug|Any CPU.ActiveCfg = Debug|Any CPU
		{A8281502-99BF-4717-966D-25AF2DA63E12}.Debug|Any CPU.Build.0 = Debug|Any CPU
		{A8281502-99BF-4717-966D-25AF2DA63E12}.Release|Any CPU.ActiveCfg = Release|Any CPU
		{A8281502-99BF-4717-966D-25AF2DA63E12}.Release|Any CPU.Build.0 = Release|Any CPU
	EndGlobalSection
	GlobalSection(SolutionProperties) = preSolution
		HideSolutionNode = FALSE
	EndGlobalSection
	GlobalSection(ExtensibilityGlobals) = postSolution
		SolutionGuid = {8B8B16BA-A63F-4942-A0E2-946A3520394A}
	EndGlobalSection
EndGlobal
